
Microsoft Visual Studio Solution File, Format Version 12.00
# Visual Studio Version 17
VisualStudioVersion = 17.9.34622.214
MinimumVisualStudioVersion = 10.0.40219.1
Project("{FAE04EC0-301F-11D3-BF4B-00C04F79EFBC}") = "WebApplication1", "WebApplication1.csproj", "{1963D0E9-26E3-4689-8D1F-1813F9366C16}"
EndProject
Global
	GlobalSection(SolutionConfigurationPlatforms) = preSolution
		Debug|Any CPU = Debug|Any CPU
		Release|Any CPU = Release|Any CPU
	EndGlobalSection
	GlobalSection(ProjectConfigurationPlatforms) = postSolution
		{1963D0E9-26E3-4689-8D1F-1813F9366C16}.Debug|Any CPU.ActiveCfg = Debug|Any CPU
		{1963D0E9-26E3-4689-8D1F-1813F9366C16}.Debug|Any CPU.Build.0 = Debug|Any CPU
		{1963D0E9-26E3-4689-8D1F-1813F9366C16}.Release|Any CPU.ActiveCfg = Release|Any CPU
		{1963D0E9-26E3-4689-8D1F-1813F9366C16}.Release|Any CPU.Build.0 = Release|Any CPU
	EndGlobalSection
	GlobalSection(SolutionProperties) = preSolution
		HideSolutionNode = FALSE
	EndGlobalSection
	GlobalSection(ExtensibilityGlobals) = postSolution
		SolutionGuid = {639ECA0C-2155-4DD4-B2BA-57F33767F938}
	EndGlobalSection
EndGlobal
